
Microsoft Visual Studio Solution File, Format Version 12.00
# Visual Studio Version 17
VisualStudioVersion = 17.10.35027.167
MinimumVisualStudioVersion = 10.0.40219.1
Project("{8BC9CEB8-8B4A-11D0-8D11-00A0C91BC942}") = "01.C++Basic Test", "01.C++Basic\01.C++Basic.vcxproj", "{3BF112DD-C010-40F4-9375-D4B6CE1CF0B5}"
EndProject
Project("{8BC9CEB8-8B4A-11D0-8D11-00A0C91BC942}") = "01-01.Memory", "01-01.Memory\01-01.Memory.vcxproj", "{3CE8B42D-28FA-4CA8-8184-0C606B5E05F6}"
EndProject
Project("{8BC9CEB8-8B4A-11D0-8D11-00A0C91BC942}") = "01-02.String", "01-02.String\01-02.String.vcxproj", "{8078EF37-5632-442A-A465-ED5A06AF31BD}"
EndProject
Project("{8BC9CEB8-8B4A-11D0-8D11-00A0C91BC942}") = "01-03.Class", "01-03.Class\01-03.Class.vcxproj", "{9449887A-859E-4D7B-A4CD-C78B834AB1FF}"
EndProject
Project("{8BC9CEB8-8B4A-11D0-8D11-00A0C91BC942}") = "01-04.Class2", "01-04.Class2\01-04.Class2.vcxproj", "{D7759076-01BD-4778-9F4B-672113EADF02}"
EndProject
Project("{8BC9CEB8-8B4A-11D0-8D11-00A0C91BC942}") = "01-05.Template", "01-05.Template\01-05.Template.vcxproj", "{C8BCE79C-1DCF-4EC1-8409-7F1261D1A074}"
EndProject
Project("{8BC9CEB8-8B4A-11D0-8D11-00A0C91BC942}") = "01-06.Container", "01-06.Container\01-06.Container.vcxproj", "{774D3B3F-7461-40C6-A42D-24B6EC1A4BAE}"
EndProject
Project("{8BC9CEB8-8B4A-11D0-8D11-00A0C91BC942}") = "01-07.Vector", "01-07.Vector\01-07.Vector.vcxproj", "{C5E851A0-D133-4FC1-B374-061B7237059F}"
EndProject
Project("{8BC9CEB8-8B4A-11D0-8D11-00A0C91BC942}") = "01-08.ErrorHandling", "01-08.ErrorHandling\01-08.ErrorHandling.vcxproj", "{4F93AC19-464F-439B-8C75-DC75A0863C66}"
EndProject
Project("{8BC9CEB8-8B4A-11D0-8D11-00A0C91BC942}") = "01-09.FileIO", "01-09.FileIO\01-09.FileIO.vcxproj", "{FF4B2259-F2CB-4279-9D9E-2EABC0943B77}"
EndProject
Project("{8BC9CEB8-8B4A-11D0-8D11-00A0C91BC942}") = "01-10.set", "01-10.set\01-10.set.vcxproj", "{B083ABAA-AEC9-47D5-9F1B-7B5545171B88}"
EndProject
Project("{8BC9CEB8-8B4A-11D0-8D11-00A0C91BC942}") = "01-11.Pool", "01-11.Pool\01-11.Pool.vcxproj", "{7F4F342B-3697-40DF-90E2-154DA2A97138}"
EndProject
Project("{8BC9CEB8-8B4A-11D0-8D11-00A0C91BC942}") = "02.UserManagementProgram", "02.UserManagementProgram\02.UserManagementProgram.vcxproj", "{CC3EE2DC-651C-4FE8-875E-D4EF920BE99B}"
EndProject
Global
	GlobalSection(SolutionConfigurationPlatforms) = preSolution
		Debug|x64 = Debug|x64
		Debug|x86 = Debug|x86
		Release|x64 = Release|x64
		Release|x86 = Release|x86
	EndGlobalSection
	GlobalSection(ProjectConfigurationPlatforms) = postSolution
		{3BF112DD-C010-40F4-9375-D4B6CE1CF0B5}.Debug|x64.ActiveCfg = Debug|x64
		{3BF112DD-C010-40F4-9375-D4B6CE1CF0B5}.Debug|x64.Build.0 = Debug|x64
		{3BF112DD-C010-40F4-9375-D4B6CE1CF0B5}.Debug|x86.ActiveCfg = Debug|Win32
		{3BF112DD-C010-40F4-9375-D4B6CE1CF0B5}.Debug|x86.Build.0 = Debug|Win32
		{3BF112DD-C010-40F4-9375-D4B6CE1CF0B5}.Release|x64.ActiveCfg = Release|x64
		{3BF112DD-C010-40F4-9375-D4B6CE1CF0B5}.Release|x64.Build.0 = Release|x64
		{3BF112DD-C010-40F4-9375-D4B6CE1CF0B5}.Release|x86.ActiveCfg = Release|Win32
		{3BF112DD-C010-40F4-9375-D4B6CE1CF0B5}.Release|x86.Build.0 = Release|Win32
		{3CE8B42D-28FA-4CA8-8184-0C606B5E05F6}.Debug|x64.ActiveCfg = Debug|x64
		{3CE8B42D-28FA-4CA8-8184-0C606B5E05F6}.Debug|x64.Build.0 = Debug|x64
		{3CE8B42D-28FA-4CA8-8184-0C606B5E05F6}.Debug|x86.ActiveCfg = Debug|Win32
		{3CE8B42D-28FA-4CA8-8184-0C606B5E05F6}.Debug|x86.Build.0 = Debug|Win32
		{3CE8B42D-28FA-4CA8-8184-0C606B5E05F6}.Release|x64.ActiveCfg = Release|x64
		{3CE8B42D-28FA-4CA8-8184-0C606B5E05F6}.Release|x64.Build.0 = Release|x64
		{3CE8B42D-28FA-4CA8-8184-0C606B5E05F6}.Release|x86.ActiveCfg = Release|Win32
		{3CE8B42D-28FA-4CA8-8184-0C606B5E05F6}.Release|x86.Build.0 = Release|Win32
		{8078EF37-5632-442A-A465-ED5A06AF31BD}.Debug|x64.ActiveCfg = Debug|x64
		{8078EF37-5632-442A-A465-ED5A06AF31BD}.Debug|x64.Build.0 = Debug|x64
		{8078EF37-5632-442A-A465-ED5A06AF31BD}.Debug|x86.ActiveCfg = Debug|Win32
		{8078EF37-5632-442A-A465-ED5A06AF31BD}.Debug|x86.Build.0 = Debug|Win32
		{8078EF37-5632-442A-A465-ED5A06AF31BD}.Release|x64.ActiveCfg = Release|x64
		{8078EF37-5632-442A-A465-ED5A06AF31BD}.Release|x64.Build.0 = Release|x64
		{8078EF37-5632-442A-A465-ED5A06AF31BD}.Release|x86.ActiveCfg = Release|Win32
		{8078EF37-5632-442A-A465-ED5A06AF31BD}.Release|x86.Build.0 = Release|Win32
		{9449887A-859E-4D7B-A4CD-C78B834AB1FF}.Debug|x64.ActiveCfg = Debug|x64
		{9449887A-859E-4D7B-A4CD-C78B834AB1FF}.Debug|x64.Build.0 = Debug|x64
		{9449887A-859E-4D7B-A4CD-C78B834AB1FF}.Debug|x86.ActiveCfg = Debug|Win32
		{9449887A-859E-4D7B-A4CD-C78B834AB1FF}.Debug|x86.Build.0 = Debug|Win32
		{9449887A-859E-4D7B-A4CD-C78B834AB1FF}.Release|x64.ActiveCfg = Release|x64
		{9449887A-859E-4D7B-A4CD-C78B834AB1FF}.Release|x64.Build.0 = Release|x64
		{9449887A-859E-4D7B-A4CD-C78B834AB1FF}.Release|x86.ActiveCfg = Release|Win32
		{9449887A-859E-4D7B-A4CD-C78B834AB1FF}.Release|x86.Build.0 = Release|Win32
		{D7759076-01BD-4778-9F4B-672113EADF02}.Debug|x64.ActiveCfg = Debug|x64
		{D7759076-01BD-4778-9F4B-672113EADF02}.Debug|x64.Build.0 = Debug|x64
		{D7759076-01BD-4778-9F4B-672113EADF02}.Debug|x86.ActiveCfg = Debug|Win32
		{D7759076-01BD-4778-9F4B-672113EADF02}.Debug|x86.Build.0 = Debug|Win32
		{D7759076-01BD-4778-9F4B-672113EADF02}.Release|x64.ActiveCfg = Release|x64
		{D7759076-01BD-4778-9F4B-672113EADF02}.Release|x64.Build.0 = Release|x64
		{D7759076-01BD-4778-9F4B-672113EADF02}.Release|x86.ActiveCfg = Release|Win32
		{D7759076-01BD-4778-9F4B-672113EADF02}.Release|x86.Build.0 = Release|Win32
		{C8BCE79C-1DCF-4EC1-8409-7F1261D1A074}.Debug|x64.ActiveCfg = Debug|x64
		{C8BCE79C-1DCF-4EC1-8409-7F1261D1A074}.Debug|x64.Build.0 = Debug|x64
		{C8BCE79C-1DCF-4EC1-8409-7F1261D1A074}.Debug|x86.ActiveCfg = Debug|Win32
		{C8BCE79C-1DCF-4EC1-8409-7F1261D1A074}.Debug|x86.Build.0 = Debug|Win32
		{C8BCE79C-1DCF-4EC1-8409-7F1261D1A074}.Release|x64.ActiveCfg = Release|x64
		{C8BCE79C-1DCF-4EC1-8409-7F1261D1A074}.Release|x64.Build.0 = Release|x64
		{C8BCE79C-1DCF-4EC1-8409-7F1261D1A074}.Release|x86.ActiveCfg = Release|Win32
		{C8BCE79C-1DCF-4EC1-8409-7F1261D1A074}.Release|x86.Build.0 = Release|Win32
		{774D3B3F-7461-40C6-A42D-24B6EC1A4BAE}.Debug|x64.ActiveCfg = Debug|x64
		{774D3B3F-7461-40C6-A42D-24B6EC1A4BAE}.Debug|x64.Build.0 = Debug|x64
		{774D3B3F-7461-40C6-A42D-24B6EC1A4BAE}.Debug|x86.ActiveCfg = Debug|Win32
		{774D3B3F-7461-40C6-A42D-24B6EC1A4BAE}.Debug|x86.Build.0 = Debug|Win32
		{774D3B3F-7461-40C6-A42D-24B6EC1A4BAE}.Release|x64.ActiveCfg = Release|x64
		{774D3B3F-7461-40C6-A42D-24B6EC1A4BAE}.Release|x64.Build.0 = Release|x64
		{774D3B3F-7461-40C6-A42D-24B6EC1A4BAE}.Release|x86.ActiveCfg = Release|Win32
		{774D3B3F-7461-40C6-A42D-24B6EC1A4BAE}.Release|x86.Build.0 = Release|Win32
		{C5E851A0-D133-4FC1-B374-061B7237059F}.Debug|x64.ActiveCfg = Debug|x64
		{C5E851A0-D133-4FC1-B374-061B7237059F}.Debug|x64.Build.0 = Debug|x64
		{C5E851A0-D133-4FC1-B374-061B7237059F}.Debug|x86.ActiveCfg = Debug|Win32
		{C5E851A0-D133-4FC1-B374-061B7237059F}.Debug|x86.Build.0 = Debug|Win32
		{C5E851A0-D133-4FC1-B374-061B7237059F}.Release|x64.ActiveCfg = Release|x64
		{C5E851A0-D133-4FC1-B374-061B7237059F}.Release|x64.Build.0 = Release|x64
		{C5E851A0-D133-4FC1-B374-061B7237059F}.Release|x86.ActiveCfg = Release|Win32
		{C5E851A0-D133-4FC1-B374-061B7237059F}.Release|x86.Build.0 = Release|Win32
		{4F93AC19-464F-439B-8C75-DC75A0863C66}.Debug|x64.ActiveCfg = Debug|x64
		{4F93AC19-464F-439B-8C75-DC75A0863C66}.Debug|x64.Build.0 = Debug|x64
		{4F93AC19-464F-439B-8C75-DC75A0863C66}.Debug|x86.ActiveCfg = Debug|Win32
		{4F93AC19-464F-439B-8C75-DC75A0863C66}.Debug|x86.Build.0 = Debug|Win32
		{4F93AC19-464F-439B-8C75-DC75A0863C66}.Release|x64.ActiveCfg = Release|x64
		{4F93AC19-464F-439B-8C75-DC75A0863C66}.Release|x64.Build.0 = Release|x64
		{4F93AC19-464F-439B-8C75-DC75A0863C66}.Release|x86.ActiveCfg = Release|Win32
		{4F93AC19-464F-439B-8C75-DC75A0863C66}.Release|x86.Build.0 = Release|Win32
		{FF4B2259-F2CB-4279-9D9E-2EABC0943B77}.Debug|x64.ActiveCfg = Debug|x64
		{FF4B2259-F2CB-4279-9D9E-2EABC0943B77}.Debug|x64.Build.0 = Debug|x64
		{FF4B2259-F2CB-4279-9D9E-2EABC0943B77}.Debug|x86.ActiveCfg = Debug|Win32
		{FF4B2259-F2CB-4279-9D9E-2EABC0943B77}.Debug|x86.Build.0 = Debug|Win32
		{FF4B2259-F2CB-4279-9D9E-2EABC0943B77}.Release|x64.ActiveCfg = Release|x64
		{FF4B2259-F2CB-4279-9D9E-2EABC0943B77}.Release|x64.Build.0 = Release|x64
		{FF4B2259-F2CB-4279-9D9E-2EABC0943B77}.Release|x86.ActiveCfg = Release|Win32
		{FF4B2259-F2CB-4279-9D9E-2EABC0943B77}.Release|x86.Build.0 = Release|Win32
		{B083ABAA-AEC9-47D5-9F1B-7B5545171B88}.Debug|x64.ActiveCfg = Debug|x64
		{B083ABAA-AEC9-47D5-9F1B-7B5545171B88}.Debug|x64.Build.0 = Debug|x64
		{B083ABAA-AEC9-47D5-9F1B-7B5545171B88}.Debug|x86.ActiveCfg = Debug|Win32
		{B083ABAA-AEC9-47D5-9F1B-7B5545171B88}.Debug|x86.Build.0 = Debug|Win32
		{B083ABAA-AEC9-47D5-9F1B-7B5545171B88}.Release|x64.ActiveCfg = Release|x64
		{B083ABAA-AEC9-47D5-9F1B-7B5545171B88}.Release|x64.Build.0 = Release|x64
		{B083ABAA-AEC9-47D5-9F1B-7B5545171B88}.Release|x86.ActiveCfg = Release|Win32
		{B083ABAA-AEC9-47D5-9F1B-7B5545171B88}.Release|x86.Build.0 = Release|Win32
		{7F4F342B-3697-40DF-90E2-154DA2A97138}.Debug|x64.ActiveCfg = Debug|x64
		{7F4F342B-3697-40DF-90E2-154DA2A97138}.Debug|x64.Build.0 = Debug|x64
		{7F4F342B-3697-40DF-90E2-154DA2A97138}.Debug|x86.ActiveCfg = Debug|Win32
		{7F4F342B-3697-40DF-90E2-154DA2A97138}.Debug|x86.Build.0 = Debug|Win32
		{7F4F342B-3697-40DF-90E2-154DA2A97138}.Release|x64.ActiveCfg = Release|x64
		{7F4F342B-3697-40DF-90E2-154DA2A97138}.Release|x64.Build.0 = Release|x64
		{7F4F342B-3697-40DF-90E2-154DA2A97138}.Release|x86.ActiveCfg = Release|Win32
		{7F4F342B-3697-40DF-90E2-154DA2A97138}.Release|x86.Build.0 = Release|Win32
		{CC3EE2DC-651C-4FE8-875E-D4EF920BE99B}.Debug|x64.ActiveCfg = Debug|x64
		{CC3EE2DC-651C-4FE8-875E-D4EF920BE99B}.Debug|x64.Build.0 = Debug|x64
		{CC3EE2DC-651C-4FE8-875E-D4EF920BE99B}.Debug|x86.ActiveCfg = Debug|Win32
		{CC3EE2DC-651C-4FE8-875E-D4EF920BE99B}.Debug|x86.Build.0 = Debug|Win32
		{CC3EE2DC-651C-4FE8-875E-D4EF920BE99B}.Release|x64.ActiveCfg = Release|x64
		{CC3EE2DC-651C-4FE8-875E-D4EF920BE99B}.Release|x64.Build.0 = Release|x64
		{CC3EE2DC-651C-4FE8-875E-D4EF920BE99B}.Release|x86.ActiveCfg = Release|Win32
		{CC3EE2DC-651C-4FE8-875E-D4EF920BE99B}.Release|x86.Build.0 = Release|Win32
	EndGlobalSection
	GlobalSection(SolutionProperties) = preSolution
		HideSolutionNode = FALSE
	EndGlobalSection
	GlobalSection(ExtensibilityGlobals) = postSolution
		SolutionGuid = {CF6358E2-BE41-49D0-A4EE-16A543480352}
	EndGlobalSection
EndGlobal
